
Microsoft Visual Studio Solution File, Format Version 12.00
# Visual Studio Version 16
VisualStudioVersion = 16.0.30309.148
MinimumVisualStudioVersion = 10.0.40219.1
Project("{9A19103F-16F7-4668-BE54-9A1E7A4F7556}") = "Anagram", "Anagram\Anagram.csproj", "{CF448DA8-17C7-4B34-9CDC-B480CE2995D0}"
EndProject
Global
	GlobalSection(SolutionConfigurationPlatforms) = preSolution
		Debug|Any CPU = Debug|Any CPU
		Release|Any CPU = Release|Any CPU
	EndGlobalSection
	GlobalSection(ProjectConfigurationPlatforms) = postSolution
		{CF448DA8-17C7-4B34-9CDC-B480CE2995D0}.Debug|Any CPU.ActiveCfg = Debug|Any CPU
		{CF448DA8-17C7-4B34-9CDC-B480CE2995D0}.Debug|Any CPU.Build.0 = Debug|Any CPU
		{CF448DA8-17C7-4B34-9CDC-B480CE2995D0}.Release|Any CPU.ActiveCfg = Release|Any CPU
		{CF448DA8-17C7-4B34-9CDC-B480CE2995D0}.Release|Any CPU.Build.0 = Release|Any CPU
	EndGlobalSection
	GlobalSection(SolutionProperties) = preSolution
		HideSolutionNode = FALSE
	EndGlobalSection
	GlobalSection(ExtensibilityGlobals) = postSolution
		SolutionGuid = {708F6248-847A-46EC-AC47-6D77A0741F7F}
	EndGlobalSection
EndGlobal
